{
  "object": {
    "pins": [
      {
        "package": "CocoaLumberjack",
        "repositoryURL": "https://github.com/cocoalumberjack/cocoalumberjack",
        "state": {
          "branch": null,
          "revision": "4b8714a7fb84d42393314ce897127b3939885ec3",
          "version": "3.8.5"
        }
      },
      {
        "package": "FrameUp",
        "repositoryURL": "https://github.com/ryanlintott/FrameUp",
        "state": {
          "branch": null,
          "revision": "42254f19f2500050a67e73a9d5b2d0914289a7e9",
          "version": "0.8.0"
        }
      },
      {
        "package": "SVGView",
        "repositoryURL": "https://github.com/exyte/SVGView",
        "state": {
          "branch": null,
          "revision": "6465962facdd25cb96eaebc35603afa2f15d2c0d",
          "version": "1.0.6"
        }
      },
      {
        "package": "swift-collections",
        "repositoryURL": "https://github.com/apple/swift-collections.git",
        "state": {
          "branch": null,
          "revision": "671108c96644956dddcd89dd59c203dcdb36cec7",
          "version": "1.1.4"
        }
      },
      {
        "package": "swift-log",
        "repositoryURL": "https://github.com/apple/swift-log",
        "state": {
          "branch": null,
          "revision": "96a2f8a0fa41e9e09af4585e2724c4e825410b91",
          "version": "1.6.2"
        }
      },
      {
        "package": "ViewExtractor",
        "repositoryURL": "https://github.com/GeorgeElsham/ViewExtractor",
        "state": {
          "branch": null,
          "revision": "e20b1944524d4454c2a65c0054ce345c2c5d0185",
          "version": "2.0.0"
        }
      }
    ]
  },
  "version": 1
}
